
Microsoft Visual Studio Solution File, Format Version 12.00
# Visual Studio Version 16
VisualStudioVersion = 16.0.30204.135
MinimumVisualStudioVersion = 10.0.40219.1
Project("{9A19103F-16F7-4668-BE54-9A1E7A4F7556}") = "AspDotNetCoreApp", "AspDotNetCoreApp\AspDotNetCoreApp.csproj", "{D1D436E5-FC38-4642-964D-FD4026412681}"
EndProject
Project("{9A19103F-16F7-4668-BE54-9A1E7A4F7556}") = "ApiDemo", "ApiDemo\ApiDemo.csproj", "{5DFDCB79-63BE-47B3-A7CB-6982496184AE}"
EndProject
Project("{9A19103F-16F7-4668-BE54-9A1E7A4F7556}") = "ConsoleDemo", "ConsoleDemo\ConsoleDemo.csproj", "{65A80E96-00DD-4DFC-A6E7-E4A322DC1E87}"
EndProject
Project("{FAE04EC0-301F-11D3-BF4B-00C04F79EFBC}") = "WebDemo", "WebDemo\WebDemo.csproj", "{A51BCA01-35C2-4F21-B903-F970C51AD6AD}"
EndProject
Project("{FAE04EC0-301F-11D3-BF4B-00C04F79EFBC}") = "WebCore31Demo", "WebCore31Demo\WebCore31Demo.csproj", "{6541350B-B204-4F4B-8DE8-E7AB95F0E8C9}"
EndProject
Global
	GlobalSection(SolutionConfigurationPlatforms) = preSolution
		Debug|Any CPU = Debug|Any CPU
		Release|Any CPU = Release|Any CPU
	EndGlobalSection
	GlobalSection(ProjectConfigurationPlatforms) = postSolution
		{D1D436E5-FC38-4642-964D-FD4026412681}.Debug|Any CPU.ActiveCfg = Debug|Any CPU
		{D1D436E5-FC38-4642-964D-FD4026412681}.Debug|Any CPU.Build.0 = Debug|Any CPU
		{D1D436E5-FC38-4642-964D-FD4026412681}.Release|Any CPU.ActiveCfg = Release|Any CPU
		{D1D436E5-FC38-4642-964D-FD4026412681}.Release|Any CPU.Build.0 = Release|Any CPU
		{5DFDCB79-63BE-47B3-A7CB-6982496184AE}.Debug|Any CPU.ActiveCfg = Debug|Any CPU
		{5DFDCB79-63BE-47B3-A7CB-6982496184AE}.Debug|Any CPU.Build.0 = Debug|Any CPU
		{5DFDCB79-63BE-47B3-A7CB-6982496184AE}.Release|Any CPU.ActiveCfg = Release|Any CPU
		{5DFDCB79-63BE-47B3-A7CB-6982496184AE}.Release|Any CPU.Build.0 = Release|Any CPU
		{65A80E96-00DD-4DFC-A6E7-E4A322DC1E87}.Debug|Any CPU.ActiveCfg = Debug|Any CPU
		{65A80E96-00DD-4DFC-A6E7-E4A322DC1E87}.Debug|Any CPU.Build.0 = Debug|Any CPU
		{65A80E96-00DD-4DFC-A6E7-E4A322DC1E87}.Release|Any CPU.ActiveCfg = Release|Any CPU
		{65A80E96-00DD-4DFC-A6E7-E4A322DC1E87}.Release|Any CPU.Build.0 = Release|Any CPU
		{A51BCA01-35C2-4F21-B903-F970C51AD6AD}.Debug|Any CPU.ActiveCfg = Debug|Any CPU
		{A51BCA01-35C2-4F21-B903-F970C51AD6AD}.Debug|Any CPU.Build.0 = Debug|Any CPU
		{A51BCA01-35C2-4F21-B903-F970C51AD6AD}.Release|Any CPU.ActiveCfg = Release|Any CPU
		{A51BCA01-35C2-4F21-B903-F970C51AD6AD}.Release|Any CPU.Build.0 = Release|Any CPU
		{6541350B-B204-4F4B-8DE8-E7AB95F0E8C9}.Debug|Any CPU.ActiveCfg = Debug|Any CPU
		{6541350B-B204-4F4B-8DE8-E7AB95F0E8C9}.Debug|Any CPU.Build.0 = Debug|Any CPU
		{6541350B-B204-4F4B-8DE8-E7AB95F0E8C9}.Release|Any CPU.ActiveCfg = Release|Any CPU
		{6541350B-B204-4F4B-8DE8-E7AB95F0E8C9}.Release|Any CPU.Build.0 = Release|Any CPU
	EndGlobalSection
	GlobalSection(SolutionProperties) = preSolution
		HideSolutionNode = FALSE
	EndGlobalSection
	GlobalSection(ExtensibilityGlobals) = postSolution
		SolutionGuid = {346F9982-27B2-4485-9A11-B5BC62BCBA04}
	EndGlobalSection
EndGlobal
